
Microsoft Visual Studio Solution File, Format Version 12.00
# Visual Studio Version 16
VisualStudioVersion = 16.0.28803.352
MinimumVisualStudioVersion = 10.0.40219.1
Project("{FAE04EC0-301F-11D3-BF4B-00C04F79EFBC}") = "BeeManagmentSystem", "BeeManagmentSystem.csproj", "{8D3CCC47-3A15-40BA-9D88-021FBB845D5D}"
EndProject
Global
	GlobalSection(SolutionConfigurationPlatforms) = preSolution
		Debug|Any CPU = Debug|Any CPU
		Release|Any CPU = Release|Any CPU
	EndGlobalSection
	GlobalSection(ProjectConfigurationPlatforms) = postSolution
		{8D3CCC47-3A15-40BA-9D88-021FBB845D5D}.Debug|Any CPU.ActiveCfg = Debug|Any CPU
		{8D3CCC47-3A15-40BA-9D88-021FBB845D5D}.Debug|Any CPU.Build.0 = Debug|Any CPU
		{8D3CCC47-3A15-40BA-9D88-021FBB845D5D}.Release|Any CPU.ActiveCfg = Release|Any CPU
		{8D3CCC47-3A15-40BA-9D88-021FBB845D5D}.Release|Any CPU.Build.0 = Release|Any CPU
	EndGlobalSection
	GlobalSection(SolutionProperties) = preSolution
		HideSolutionNode = FALSE
	EndGlobalSection
	GlobalSection(ExtensibilityGlobals) = postSolution
		SolutionGuid = {9D527EBA-DFE4-4E46-9CE8-52CC3F6A3A1B}
	EndGlobalSection
EndGlobal
